// !$*UTF8*$!
{
	archiveVersion = 1;
	classes = {
	};
	objectVersion = 46;
	objects = {

/* Begin PBXBuildFile section */
		1601EFE01F0E8C4F00ABCB7A /* AirKeyboardSize.m in Sources */ = {isa = PBXBuildFile; fileRef = 1601EFDF1F0E8C4F00ABCB7A /* AirKeyboardSize.m */; };
/* End PBXBuildFile section */

/* Begin PBXCopyFilesBuildPhase section */
		16ED3C2E1F0E8C0A005BE013 /* CopyFiles */ = {
			isa = PBXCopyFilesBuildPhase;
			buildActionMask = 2147483647;
			dstPath = "include/$(PRODUCT_NAME)";
			dstSubfolderSpec = 16;
			files = (
			);
			runOnlyForDeploymentPostprocessing = 0;
		};
/* End PBXCopyFilesBuildPhase section */

/* Begin PBXFileReference section */
		1601EFDD1F0E8C4F00ABCB7A /* FlashRuntimeExtensions.h */ = {isa = PBXFileReference; fileEncoding = 4; lastKnownFileType = sourcecode.c.h; path = FlashRuntimeExtensions.h; sourceTree = "<group>"; };
		1601EFDE1F0E8C4F00ABCB7A /* AirKeyboardSize.h */ = {isa = PBXFileReference; fileEncoding = 4; lastKnownFileType = sourcecode.c.h; path = AirKeyboardSize.h; sourceTree = "<group>"; };
		1601EFDF1F0E8C4F00ABCB7A /* AirKeyboardSize.m */ = {isa = PBXFileReference; fileEncoding = 4; lastKnownFileType = sourcecode.c.objc; path = AirKeyboardSize.m; sourceTree = "<group>"; };
		16ED3C301F0E8C0A005BE013 /* libAirKeyboardSize.a */ = {isa = PBXFileReference; explicitFileType = archive.ar; includeInIndex = 0; path = libAirKeyboardSize.a; sourceTree = BUILT_PRODUCTS_DIR; };
/* End PBXFileReference section */

/* Begin PBXFrameworksBuildPhase section */
		16ED3C2D1F0E8C0A005BE013 /* Frameworks */ = {
			isa = PBXFrameworksBuildPhase;
			buildActionMask = 2147483647;
			files = (
			);
			runOnlyForDeploymentPostprocessing = 0;
		};
/* End PBXFrameworksBuildPhase section */

/* Begin PBXGroup section */
		16ED3C271F0E8C0A005BE013 = {
			isa = PBXGroup;
			children = (
				16ED3C321F0E8C0A005BE013 /* AirKeyboardSize */,
				16ED3C311F0E8C0A005BE013 /* Products */,
			);
			sourceTree = "<group>";
		};
		16ED3C311F0E8C0A005BE013 /* Products */ = {
			isa = PBXGroup;
			children = (
				16ED3C301F0E8C0A005BE013 /* libAirKeyboardSize.a */,
			);
			name = Products;
			sourceTree = "<group>";
		};
		16ED3C321F0E8C0A005BE013 /* AirKeyboardSize */ = {
			isa = PBXGroup;
			children = (
				1601EFDD1F0E8C4F00ABCB7A /* FlashRuntimeExtensions.h */,
				1601EFDE1F0E8C4F00ABCB7A /* AirKeyboardSize.h */,
				1601EFDF1F0E8C4F00ABCB7A /* AirKeyboardSize.m */,
			);
			path = AirKeyboardSize;
			sourceTree = "<group>";
		};
/* End PBXGroup section */

/* Begin PBXNativeTarget section */
		16ED3C2F1F0E8C0A005BE013 /* AirKeyboardSize */ = {
			isa = PBXNativeTarget;
			buildConfigurationList = 16ED3C391F0E8C0A005BE013 /* Build configuration list for PBXNativeTarget "AirKeyboardSize" */;
			buildPhases = (
				16ED3C2C1F0E8C0A005BE013 /* Sources */,
				16ED3C2D1F0E8C0A005BE013 /* Frameworks */,
				16ED3C2E1F0E8C0A005BE013 /* CopyFiles */,
			);
			buildRules = (
			);
			dependencies = (
			);
			name = AirKeyboardSize;
			productName = AirKeyboardSize;
			productReference = 16ED3C301F0E8C0A005BE013 /* libAirKeyboardSize.a */;
			productType = "com.apple.product-type.library.static";
		};
/* End PBXNativeTarget section */

/* Begin PBXProject section */
		16ED3C281F0E8C0A005BE013 /* Project object */ = {
			isa = PBXProject;
			attributes = {
				LastUpgradeCheck = 0830;
				TargetAttributes = {
					16ED3C2F1F0E8C0A005BE013 = {
						CreatedOnToolsVersion = 8.3.3;
						DevelopmentTeam = MTD42E59Y9;
						ProvisioningStyle = Automatic;
					};
				};
			};
			buildConfigurationList = 16ED3C2B1F0E8C0A005BE013 /* Build configuration list for PBXProject "AirKeyboardSize" */;
			compatibilityVersion = "Xcode 3.2";
			developmentRegion = English;
			hasScannedForEncodings = 0;
			knownRegions = (
				en,
			);
			mainGroup = 16ED3C271F0E8C0A005BE013;
			productRefGroup = 16ED3C311F0E8C0A005BE013 /* Products */;
			projectDirPath = "";
			projectRoot = "";
			targets = (
				16ED3C2F1F0E8C0A005BE013 /* AirKeyboardSize */,
			);
		};
/* End PBXProject section */

/* Begin PBXSourcesBuildPhase section */
		16ED3C2C1F0E8C0A005BE013 /* Sources */ = {
			isa = PBXSourcesBuildPhase;
			buildActionMask = 2147483647;
			files = (
				1601EFE01F0E8C4F00ABCB7A /* AirKeyboardSize.m in Sources */,
			);
			runOnlyForDeploymentPostprocessing = 0;
		};
/* End PBXSourcesBuildPhase section */

/* Begin XCBuildConfiguration section */
		16ED3C371F0E8C0A005BE013 /* Debug */ = {
			isa = XCBuildConfiguration;
			buildSettings = {
				ALWAYS_SEARCH_USER_PATHS = NO;
				CLANG_ANALYZER_NONNULL = YES;
				CLANG_ANALYZER_NUMBER_OBJECT_CONVERSION = YES_AGGRESSIVE;
				CLANG_CXX_LANGUAGE_STANDARD = "gnu++0x";
				CLANG_CXX_LIBRARY = "libc++";
				CLANG_ENABLE_MODULES = YES;
				CLANG_ENABLE_OBJC_ARC = YES;
				CLANG_WARN_BOOL_CONVERSION = YES;
				CLANG_WARN_CONSTANT_CONVERSION = YES;
				CLANG_WARN_DIRECT_OBJC_ISA_USAGE = YES_ERROR;
				CLANG_WARN_DOCUMENTATION_COMMENTS = YES;
				CLANG_WARN_EMPTY_BODY = YES;
				CLANG_WARN_ENUM_CONVERSION = YES;
				CLANG_WARN_INFINITE_RECURSION = YES;
				CLANG_WARN_INT_CONVERSION = YES;
				CLANG_WARN_OBJC_ROOT_CLASS = YES_ERROR;
				CLANG_WARN_SUSPICIOUS_MOVE = YES;
				CLANG_WARN_UNREACHABLE_CODE = YES;
				CLANG_WARN__DUPLICATE_METHOD_MATCH = YES;
				"CODE_SIGN_IDENTITY[sdk=iphoneos*]" = "iPhone Developer";
				COPY_PHASE_STRIP = NO;
				DEBUG_INFORMATION_FORMAT = dwarf;
				ENABLE_STRICT_OBJC_MSGSEND = YES;
				ENABLE_TESTABILITY = YES;
				GCC_C_LANGUAGE_STANDARD = gnu99;
				GCC_DYNAMIC_NO_PIC = NO;
				GCC_NO_COMMON_BLOCKS = YES;
				GCC_OPTIMIZATION_LEVEL = 0;
				GCC_PREPROCESSOR_DEFINITIONS = (
					"DEBUG=1",
					"$(inherited)",
				);
				GCC_WARN_64_TO_32_BIT_CONVERSION = YES;
				GCC_WARN_ABOUT_RETURN_TYPE = YES_ERROR;
				GCC_WARN_UNDECLARED_SELECTOR = YES;
				GCC_WARN_UNINITIALIZED_AUTOS = YES_AGGRESSIVE;
				GCC_WARN_UNUSED_FUNCTION = YES;
				GCC_WARN_UNUSED_VARIABLE = YES;
				IPHONEOS_DEPLOYMENT_TARGET = 10.0;
				MTL_ENABLE_DEBUG_INFO = YES;
				ONLY_ACTIVE_ARCH = NO;
				SDKROOT = iphoneos;
			};
			name = Debug;
		};
		16ED3C381F0E8C0A005BE013 /* Release */ = {
			isa = XCBuildConfiguration;
			buildSettings = {
				ALWAYS_SEARCH_USER_PATHS = NO;
				CLANG_ANALYZER_NONNULL = YES;
				CLANG_ANALYZER_NUMBER_OBJECT_CONVERSION = YES_AGGRESSIVE;
				CLANG_CXX_LANGUAGE_STANDARD = "gnu++0x";
				CLANG_CXX_LIBRARY = "libc++";
				CLANG_ENABLE_MODULES = YES;
				CLANG_ENABLE_OBJC_ARC = YES;
				CLANG_WARN_BOOL_CONVERSION = YES;
				CLANG_WARN_CONSTANT_CONVERSION = YES;
				CLANG_WARN_DIRECT_OBJC_ISA_USAGE = YES_ERROR;
				CLANG_WARN_DOCUMENTATION_COMMENTS = YES;
				CLANG_WARN_EMPTY_BODY = YES;
				CLANG_WARN_ENUM_CONVERSION = YES;
				CLANG_WARN_INFINITE_RECURSION = YES;
				CLANG_WARN_INT_CONVERSION = YES;
				CLANG_WARN_OBJC_ROOT_CLASS = YES_ERROR;
				CLANG_WARN_SUSPICIOUS_MOVE = YES;
				CLANG_WARN_UNREACHABLE_CODE = YES;
				CLANG_WARN__DUPLICATE_METHOD_MATCH = YES;
				"CODE_SIGN_IDENTITY[sdk=iphoneos*]" = "iPhone Developer";
				COPY_PHASE_STRIP = NO;
				DEBUG_INFORMATION_FORMAT = "dwarf-with-dsym";
				ENABLE_NS_ASSERTIONS = NO;
				ENABLE_STRICT_OBJC_MSGSEND = YES;
				GCC_C_LANGUAGE_STANDARD = gnu99;
				GCC_NO_COMMON_BLOCKS = YES;
				GCC_WARN_64_TO_32_BIT_CONVERSION = YES;
				GCC_WARN_ABOUT_RETURN_TYPE = YES_ERROR;
				GCC_WARN_UNDECLARED_SELECTOR = YES;
				GCC_WARN_UNINITIALIZED_AUTOS = YES_AGGRESSIVE;
				GCC_WARN_UNUSED_FUNCTION = YES;
				GCC_WARN_UNUSED_VARIABLE = YES;
				IPHONEOS_DEPLOYMENT_TARGET = 10.0;
				MTL_ENABLE_DEBUG_INFO = NO;
				SDKROOT = iphoneos;
				VALIDATE_PRODUCT = YES;
			};
			name = Release;
		};
		16ED3C3A1F0E8C0A005BE013 /* Debug */ = {
			isa = XCBuildConfiguration;
			buildSettings = {
				DEVELOPMENT_TEAM = MTD42E59Y9;
				OTHER_LDFLAGS = "-ObjC";
				PRODUCT_NAME = "$(TARGET_NAME)";
				SKIP_INSTALL = YES;
			};
			name = Debug;
		};
		16ED3C3B1F0E8C0A005BE013 /* Release */ = {
			isa = XCBuildConfiguration;
			buildSettings = {
				DEVELOPMENT_TEAM = MTD42E59Y9;
				OTHER_LDFLAGS = "-ObjC";
				PRODUCT_NAME = "$(TARGET_NAME)";
				SKIP_INSTALL = YES;
			};
			name = Release;
		};
/* End XCBuildConfiguration section */

/* Begin XCConfigurationList section */
		16ED3C2B1F0E8C0A005BE013 /* Build configuration list for PBXProject "AirKeyboardSize" */ = {
			isa = XCConfigurationList;
			buildConfigurations = (
				16ED3C371F0E8C0A005BE013 /* Debug */,
				16ED3C381F0E8C0A005BE013 /* Release */,
			);
			defaultConfigurationIsVisible = 0;
			defaultConfigurationName = Release;
		};
		16ED3C391F0E8C0A005BE013 /* Build configuration list for PBXNativeTarget "AirKeyboardSize" */ = {
			isa = XCConfigurationList;
			buildConfigurations = (
				16ED3C3A1F0E8C0A005BE013 /* Debug */,
				16ED3C3B1F0E8C0A005BE013 /* Release */,
			);
			defaultConfigurationIsVisible = 0;
			defaultConfigurationName = Release;
		};
/* End XCConfigurationList section */
	};
	rootObject = 16ED3C281F0E8C0A005BE013 /* Project object */;
}
